# This file is automatically @generated by Poetry and should not be changed by hand.

[[package]]
name = "attrs"
version = "22.2.0"
description = "Classes Without Boilerplate"
category = "dev"
optional = false
python-versions = ">=3.6"
files = [
    {file = "attrs-22.2.0-py3-none-any.whl", hash = "sha256:29e95c7f6778868dbd49170f98f8818f78f3dc5e0e37c0b1f474e3561b240836"},
    {file = "attrs-22.2.0.tar.gz", hash = "sha256:c9227bfc2f01993c03f68db37d1d15c9690188323c067c641f1a35ca58185f99"},
]

[package.extras]
cov = ["attrs[tests]", "coverage-enable-subprocess", "coverage[toml] (>=5.3)"]
dev = ["attrs[docs,tests]"]
docs = ["furo", "myst-parser", "sphinx", "sphinx-notfound-page", "sphinxcontrib-towncrier", "towncrier", "zope.interface"]
tests = ["attrs[tests-no-zope]", "zope.interface"]
tests-no-zope = ["cloudpickle", "cloudpickle", "hypothesis", "hypothesis", "mypy (>=0.971,<0.990)", "mypy (>=0.971,<0.990)", "pympler", "pympler", "pytest (>=4.3.0)", "pytest (>=4.3.0)", "pytest-mypy-plugins", "pytest-mypy-plugins", "pytest-xdist[psutil]", "pytest-xdist[psutil]"]

[[package]]
name = "click"
version = "8.1.3"
description = "Composable command line interface toolkit"
category = "main"
optional = false
python-versions = ">=3.7"
files = [
    {file = "click-8.1.3-py3-none-any.whl", hash = "sha256:bb4d8133cb15a609f44e8213d9b391b0809795062913b383c62be0ee95b1db48"},
    {file = "click-8.1.3.tar.gz", hash = "sha256:7682dc8afb30297001674575ea00d1814d808d6a36af415a82bd481d37ba7b8e"},
]

[package.dependencies]
colorama = {version = "*", markers = "platform_system == \"Windows\""}

[[package]]
name = "colorama"
version = "0.4.6"
description = "Cross-platform colored terminal text."
category = "main"
optional = false
python-versions = "!=3.0.*,!=3.1.*,!=3.2.*,!=3.3.*,!=3.4.*,!=3.5.*,!=3.6.*,>=2.7"
files = [
    {file = "colorama-0.4.6-py2.py3-none-any.whl", hash = "sha256:4f1d9991f5acc0ca119f9d443620b77f9d6b33703e51011c16baf57afb285fc6"},
    {file = "colorama-0.4.6.tar.gz", hash = "sha256:08695f5cb7ed6e0531a20572697297273c47b8cae5a63ffc6d6ed5c201be6e44"},
]

[[package]]
name = "exceptiongroup"
version = "1.1.0"
description = "Backport of PEP 654 (exception groups)"
category = "dev"
optional = false
python-versions = ">=3.7"
files = [
    {file = "exceptiongroup-1.1.0-py3-none-any.whl", hash = "sha256:327cbda3da756e2de031a3107b81ab7b3770a602c4d16ca618298c526f4bec1e"},
    {file = "exceptiongroup-1.1.0.tar.gz", hash = "sha256:bcb67d800a4497e1b404c2dd44fca47d3b7a5e5433dbab67f96c1a685cdfdf23"},
]

[package.extras]
test = ["pytest (>=6)"]

[[package]]
name = "flake8"
version = "6.0.0"
description = "the modular source code checker: pep8 pyflakes and co"
category = "dev"
optional = false
python-versions = ">=3.8.1"
files = [
    {file = "flake8-6.0.0-py2.py3-none-any.whl", hash = "sha256:3833794e27ff64ea4e9cf5d410082a8b97ff1a06c16aa3d2027339cd0f1195c7"},
    {file = "flake8-6.0.0.tar.gz", hash = "sha256:c61007e76655af75e6785a931f452915b371dc48f56efd765247c8fe68f2b181"},
]

[package.dependencies]
mccabe = ">=0.7.0,<0.8.0"
pycodestyle = ">=2.10.0,<2.11.0"
pyflakes = ">=3.0.0,<3.1.0"

[[package]]
name = "iniconfig"
version = "2.0.0"
description = "brain-dead simple config-ini parsing"
category = "dev"
optional = false
python-versions = ">=3.7"
files = [
    {file = "iniconfig-2.0.0-py3-none-any.whl", hash = "sha256:b6a85871a79d2e3b22d2d1b94ac2824226a63c6b741c88f7ae975f18b6778374"},
    {file = "iniconfig-2.0.0.tar.gz", hash = "sha256:2d91e135bf72d31a410b17c16da610a82cb55f6b0477d1a902134b24a455b8b3"},
]

[[package]]
name = "mccabe"
version = "0.7.0"
description = "McCabe checker, plugin for flake8"
category = "dev"
optional = false
python-versions = ">=3.6"
files = [
    {file = "mccabe-0.7.0-py2.py3-none-any.whl", hash = "sha256:6c2d30ab6be0e4a46919781807b4f0d834ebdd6c6e3dca0bda5a15f863427b6e"},
    {file = "mccabe-0.7.0.tar.gz", hash = "sha256:348e0240c33b60bbdf4e523192ef919f28cb2c3d7d5c7794f74009290f236325"},
]

[[package]]
name = "mypy"
version = "0.991"
description = "Optional static typing for Python"
category = "dev"
optional = false
python-versions = ">=3.7"
files = [
    {file = "mypy-0.991-cp310-cp310-macosx_10_9_universal2.whl", hash = "sha256:7d17e0a9707d0772f4a7b878f04b4fd11f6f5bcb9b3813975a9b13c9332153ab"},
    {file = "mypy-0.991-cp310-cp310-macosx_10_9_x86_64.whl", hash = "sha256:0714258640194d75677e86c786e80ccf294972cc76885d3ebbb560f11db0003d"},
    {file = "mypy-0.991-cp310-cp310-macosx_11_0_arm64.whl", hash = "sha256:0c8f3be99e8a8bd403caa8c03be619544bc2c77a7093685dcf308c6b109426c6"},
    {file = "mypy-0.991-cp310-cp310-manylinux_2_17_x86_64.manylinux2014_x86_64.whl", hash = "sha256:bc9ec663ed6c8f15f4ae9d3c04c989b744436c16d26580eaa760ae9dd5d662eb"},
    {file = "mypy-0.991-cp310-cp310-musllinux_1_1_x86_64.whl", hash = "sha256:4307270436fd7694b41f913eb09210faff27ea4979ecbcd849e57d2da2f65305"},
    {file = "mypy-0.991-cp310-cp310-win_amd64.whl", hash = "sha256:901c2c269c616e6cb0998b33d4adbb4a6af0ac4ce5cd078afd7bc95830e62c1c"},
    {file = "mypy-0.991-cp311-cp311-macosx_10_9_universal2.whl", hash = "sha256:d13674f3fb73805ba0c45eb6c0c3053d218aa1f7abead6e446d474529aafc372"},
    {file = "mypy-0.991-cp311-cp311-macosx_10_9_x86_64.whl", hash = "sha256:1c8cd4fb70e8584ca1ed5805cbc7c017a3d1a29fb450621089ffed3e99d1857f"},
    {file = "mypy-0.991-cp311-cp311-macosx_11_0_arm64.whl", hash = "sha256:209ee89fbb0deed518605edddd234af80506aec932ad28d73c08f1400ef80a33"},
    {file = "mypy-0.991-cp311-cp311-manylinux_2_17_x86_64.manylinux2014_x86_64.whl", hash = "sha256:37bd02ebf9d10e05b00d71302d2c2e6ca333e6c2a8584a98c00e038db8121f05"},
    {file = "mypy-0.991-cp311-cp311-musllinux_1_1_x86_64.whl", hash = "sha256:26efb2fcc6b67e4d5a55561f39176821d2adf88f2745ddc72751b7890f3194ad"},
    {file = "mypy-0.991-cp311-cp311-win_amd64.whl", hash = "sha256:3a700330b567114b673cf8ee7388e949f843b356a73b5ab22dd7cff4742a5297"},
    {file = "mypy-0.991-cp37-cp37m-macosx_10_9_x86_64.whl", hash = "sha256:1f7d1a520373e2272b10796c3ff721ea1a0712288cafaa95931e66aa15798813"},
    {file = "mypy-0.991-cp37-cp37m-manylinux_2_17_x86_64.manylinux2014_x86_64.whl", hash = "sha256:641411733b127c3e0dab94c45af15fea99e4468f99ac88b39efb1ad677da5711"},
    {file = "mypy-0.991-cp37-cp37m-musllinux_1_1_x86_64.whl", hash = "sha256:3d80e36b7d7a9259b740be6d8d906221789b0d836201af4234093cae89ced0cd"},
    {file = "mypy-0.991-cp37-cp37m-win_amd64.whl", hash = "sha256:e62ebaad93be3ad1a828a11e90f0e76f15449371ffeecca4a0a0b9adc99abcef"},
    {file = "mypy-0.991-cp38-cp38-macosx_10_9_universal2.whl", hash = "sha256:b86ce2c1866a748c0f6faca5232059f881cda6dda2a893b9a8373353cfe3715a"},
    {file = "mypy-0.991-cp38-cp38-macosx_10_9_x86_64.whl", hash = "sha256:ac6e503823143464538efda0e8e356d871557ef60ccd38f8824a4257acc18d93"},
    {file = "mypy-0.991-cp38-cp38-macosx_11_0_arm64.whl", hash = "sha256:0cca5adf694af539aeaa6ac633a7afe9bbd760df9d31be55ab780b77ab5ae8bf"},
    {file = "mypy-0.991-cp38-cp38-manylinux_2_17_x86_64.manylinux2014_x86_64.whl", hash = "sha256:a12c56bf73cdab116df96e4ff39610b92a348cc99a1307e1da3c3768bbb5b135"},
    {file = "mypy-0.991-cp38-cp38-musllinux_1_1_x86_64.whl", hash = "sha256:652b651d42f155033a1967739788c436491b577b6a44e4c39fb340d0ee7f0d70"},
    {file = "mypy-0.991-cp38-cp38-win_amd64.whl", hash = "sha256:4175593dc25d9da12f7de8de873a33f9b2b8bdb4e827a7cae952e5b1a342e243"},
    {file = "mypy-0.991-cp39-cp39-macosx_10_9_universal2.whl", hash = "sha256:98e781cd35c0acf33eb0295e8b9c55cdbef64fcb35f6d3aa2186f289bed6e80d"},
    {file = "mypy-0.991-cp39-cp39-macosx_10_9_x86_64.whl", hash = "sha256:6d7464bac72a85cb3491c7e92b5b62f3dcccb8af26826257760a552a5e244aa5"},
    {file = "mypy-0.991-cp39-cp39-macosx_11_0_arm64.whl", hash = "sha256:c9166b3f81a10cdf9b49f2d594b21b31adadb3d5e9db9b834866c3258b695be3"},
    {file = "mypy-0.991-cp39-cp39-manylinux_2_17_x86_64.manylinux2014_x86_64.whl", hash = "sha256:b8472f736a5bfb159a5e36740847808f6f5b659960115ff29c7cecec1741c648"},
    {file = "mypy-0.991-cp39-cp39-musllinux_1_1_x86_64.whl", hash = "sha256:5e80e758243b97b618cdf22004beb09e8a2de1af481382e4d84bc52152d1c476"},
    {file = "mypy-0.991-cp39-cp39-win_amd64.whl", hash = "sha256:74e259b5c19f70d35fcc1ad3d56499065c601dfe94ff67ae48b85596b9ec1461"},
    {file = "mypy-0.991-py3-none-any.whl", hash = "sha256:de32edc9b0a7e67c2775e574cb061a537660e51210fbf6006b0b36ea695ae9bb"},
    {file = "mypy-0.991.tar.gz", hash = "sha256:3c0165ba8f354a6d9881809ef29f1a9318a236a6d81c690094c5df32107bde06"},
]

[package.dependencies]
mypy-extensions = ">=0.4.3"
tomli = {version = ">=1.1.0", markers = "python_version < \"3.11\""}
typing-extensions = ">=3.10"

[package.extras]
dmypy = ["psutil (>=4.0)"]
install-types = ["pip"]
python2 = ["typed-ast (>=1.4.0,<2)"]
reports = ["lxml"]

[[package]]
name = "mypy-extensions"
version = "0.4.3"
description = "Experimental type system extensions for programs checked with the mypy typechecker."
category = "dev"
optional = false
python-versions = "*"
files = [
    {file = "mypy_extensions-0.4.3-py2.py3-none-any.whl", hash = "sha256:090fedd75945a69ae91ce1303b5824f428daf5a028d2f6ab8a299250a846f15d"},
    {file = "mypy_extensions-0.4.3.tar.gz", hash = "sha256:2d82818f5bb3e369420cb3c4060a7970edba416647068eb4c5343488a6c604a8"},
]

[[package]]
name = "packaging"
version = "23.0"
description = "Core utilities for Python packages"
category = "dev"
optional = false
python-versions = ">=3.7"
files = [
    {file = "packaging-23.0-py3-none-any.whl", hash = "sha256:714ac14496c3e68c99c29b00845f7a2b85f3bb6f1078fd9f72fd20f0570002b2"},
    {file = "packaging-23.0.tar.gz", hash = "sha256:b6ad297f8907de0fa2fe1ccbd26fdaf387f5f47c7275fedf8cce89f99446cf97"},
]

[[package]]
name = "pluggy"
version = "1.0.0"
description = "plugin and hook calling mechanisms for python"
category = "dev"
optional = false
python-versions = ">=3.6"
files = [
    {file = "pluggy-1.0.0-py2.py3-none-any.whl", hash = "sha256:74134bbf457f031a36d68416e1509f34bd5ccc019f0bcc952c7b909d06b37bd3"},
    {file = "pluggy-1.0.0.tar.gz", hash = "sha256:4224373bacce55f955a878bf9cfa763c1e360858e330072059e10bad68531159"},
]

[package.extras]
dev = ["pre-commit", "tox"]
testing = ["pytest", "pytest-benchmark"]

[[package]]
name = "pycodestyle"
version = "2.10.0"
description = "Python style guide checker"
category = "dev"
optional = false
python-versions = ">=3.6"
files = [
    {file = "pycodestyle-2.10.0-py2.py3-none-any.whl", hash = "sha256:8a4eaf0d0495c7395bdab3589ac2db602797d76207242c17d470186815706610"},
    {file = "pycodestyle-2.10.0.tar.gz", hash = "sha256:347187bdb476329d98f695c213d7295a846d1152ff4fe9bacb8a9590b8ee7053"},
]

[[package]]
name = "pyflakes"
version = "3.0.1"
description = "passive checker of Python programs"
category = "dev"
optional = false
python-versions = ">=3.6"
files = [
    {file = "pyflakes-3.0.1-py2.py3-none-any.whl", hash = "sha256:ec55bf7fe21fff7f1ad2f7da62363d749e2a470500eab1b555334b67aa1ef8cf"},
    {file = "pyflakes-3.0.1.tar.gz", hash = "sha256:ec8b276a6b60bd80defed25add7e439881c19e64850afd9b346283d4165fd0fd"},
]

[[package]]
name = "pytest"
version = "7.2.1"
description = "pytest: simple powerful testing with Python"
category = "dev"
optional = false
python-versions = ">=3.7"
files = [
    {file = "pytest-7.2.1-py3-none-any.whl", hash = "sha256:c7c6ca206e93355074ae32f7403e8ea12163b1163c976fee7d4d84027c162be5"},
    {file = "pytest-7.2.1.tar.gz", hash = "sha256:d45e0952f3727241918b8fd0f376f5ff6b301cc0777c6f9a556935c92d8a7d42"},
]

[package.dependencies]
attrs = ">=19.2.0"
colorama = {version = "*", markers = "sys_platform == \"win32\""}
exceptiongroup = {version = ">=1.0.0rc8", markers = "python_version < \"3.11\""}
iniconfig = "*"
packaging = "*"
pluggy = ">=0.12,<2.0"
tomli = {version = ">=1.0.0", markers = "python_version < \"3.11\""}

[package.extras]
testing = ["argcomplete", "hypothesis (>=3.56)", "mock", "nose", "pygments (>=2.7.2)", "requests", "xmlschema"]

[[package]]
name = "tomli"
version = "2.0.1"
description = "A lil' TOML parser"
category = "dev"
optional = false
python-versions = ">=3.7"
files = [
    {file = "tomli-2.0.1-py3-none-any.whl", hash = "sha256:939de3e7a6161af0c887ef91b7d41a53e7c5a1ca976325f429cb46ea9bc30ecc"},
    {file = "tomli-2.0.1.tar.gz", hash = "sha256:de526c12914f0c550d15924c62d72abc48d6fe7364aa87328337a31007fe8a4f"},
]

[[package]]
name = "types-ujson"
version = "5.7.0.0"
description = "Typing stubs for ujson"
category = "dev"
optional = false
python-versions = "*"
files = [
    {file = "types-ujson-5.7.0.0.tar.gz", hash = "sha256:d7c001f668a2e1ac2decbafd2c42cc0bf58798a5cc3b5a3ee397b7ee37775919"},
    {file = "types_ujson-5.7.0.0-py3-none-any.whl", hash = "sha256:ad48848c3da10e8023e9e75b1833282c28568ea680938c271e34d4d1426be816"},
]

[[package]]
name = "typing-extensions"
version = "4.4.0"
description = "Backported and Experimental Type Hints for Python 3.7+"
category = "dev"
optional = false
python-versions = ">=3.7"
files = [
    {file = "typing_extensions-4.4.0-py3-none-any.whl", hash = "sha256:16fa4864408f655d35ec496218b85f79b3437c829e93320c7c9215ccfd92489e"},
    {file = "typing_extensions-4.4.0.tar.gz", hash = "sha256:1511434bb92bf8dd198c12b1cc812e800d4181cfcb867674e0f8279cc93087aa"},
]

[[package]]
name = "ujson"
version = "5.7.0"
description = "Ultra fast JSON encoder and decoder for Python"
category = "main"
optional = false
python-versions = ">=3.7"
files = [
    {file = "ujson-5.7.0-cp310-cp310-macosx_10_9_x86_64.whl", hash = "sha256:5eba5e69e4361ac3a311cf44fa71bc619361b6e0626768a494771aacd1c2f09b"},
    {file = "ujson-5.7.0-cp310-cp310-macosx_11_0_arm64.whl", hash = "sha256:aae4d9e1b4c7b61780f0a006c897a4a1904f862fdab1abb3ea8f45bd11aa58f3"},
    {file = "ujson-5.7.0-cp310-cp310-manylinux_2_17_aarch64.manylinux2014_aarch64.whl", hash = "sha256:d2e43ccdba1cb5c6d3448eadf6fc0dae7be6c77e357a3abc968d1b44e265866d"},
    {file = "ujson-5.7.0-cp310-cp310-manylinux_2_17_x86_64.manylinux2014_x86_64.whl", hash = "sha256:54384ce4920a6d35fa9ea8e580bc6d359e3eb961fa7e43f46c78e3ed162d56ff"},
    {file = "ujson-5.7.0-cp310-cp310-manylinux_2_5_i686.manylinux1_i686.manylinux_2_17_i686.manylinux2014_i686.whl", hash = "sha256:24ad1aa7fc4e4caa41d3d343512ce68e41411fb92adf7f434a4d4b3749dc8f58"},
    {file = "ujson-5.7.0-cp310-cp310-musllinux_1_1_aarch64.whl", hash = "sha256:afff311e9f065a8f03c3753db7011bae7beb73a66189c7ea5fcb0456b7041ea4"},
    {file = "ujson-5.7.0-cp310-cp310-musllinux_1_1_i686.whl", hash = "sha256:6e80f0d03e7e8646fc3d79ed2d875cebd4c83846e129737fdc4c2532dbd43d9e"},
    {file = "ujson-5.7.0-cp310-cp310-musllinux_1_1_x86_64.whl", hash = "sha256:137831d8a0db302fb6828ee21c67ad63ac537bddc4376e1aab1c8573756ee21c"},
    {file = "ujson-5.7.0-cp310-cp310-win32.whl", hash = "sha256:7df3fd35ebc14dafeea031038a99232b32f53fa4c3ecddb8bed132a43eefb8ad"},
    {file = "ujson-5.7.0-cp310-cp310-win_amd64.whl", hash = "sha256:af4639f684f425177d09ae409c07602c4096a6287027469157bfb6f83e01448b"},
    {file = "ujson-5.7.0-cp311-cp311-macosx_10_9_x86_64.whl", hash = "sha256:9b0f2680ce8a70f77f5d70aaf3f013d53e6af6d7058727a35d8ceb4a71cdd4e9"},
    {file = "ujson-5.7.0-cp311-cp311-macosx_11_0_arm64.whl", hash = "sha256:67a19fd8e7d8cc58a169bea99fed5666023adf707a536d8f7b0a3c51dd498abf"},
    {file = "ujson-5.7.0-cp311-cp311-manylinux_2_17_aarch64.manylinux2014_aarch64.whl", hash = "sha256:6abb8e6d8f1ae72f0ed18287245f5b6d40094e2656d1eab6d99d666361514074"},
    {file = "ujson-5.7.0-cp311-cp311-manylinux_2_17_x86_64.manylinux2014_x86_64.whl", hash = "sha256:d8cd622c069368d5074bd93817b31bdb02f8d818e57c29e206f10a1f9c6337dd"},
    {file = "ujson-5.7.0-cp311-cp311-manylinux_2_5_i686.manylinux1_i686.manylinux_2_17_i686.manylinux2014_i686.whl", hash = "sha256:14f9082669f90e18e64792b3fd0bf19f2b15e7fe467534a35ea4b53f3bf4b755"},
    {file = "ujson-5.7.0-cp311-cp311-musllinux_1_1_aarch64.whl", hash = "sha256:d7ff6ebb43bc81b057724e89550b13c9a30eda0f29c2f506f8b009895438f5a6"},
    {file = "ujson-5.7.0-cp311-cp311-musllinux_1_1_i686.whl", hash = "sha256:f7f241488879d91a136b299e0c4ce091996c684a53775e63bb442d1a8e9ae22a"},
    {file = "ujson-5.7.0-cp311-cp311-musllinux_1_1_x86_64.whl", hash = "sha256:5593263a7fcfb934107444bcfba9dde8145b282de0ee9f61e285e59a916dda0f"},
    {file = "ujson-5.7.0-cp311-cp311-win32.whl", hash = "sha256:26c2b32b489c393106e9cb68d0a02e1a7b9d05a07429d875c46b94ee8405bdb7"},
    {file = "ujson-5.7.0-cp311-cp311-win_amd64.whl", hash = "sha256:ed24406454bb5a31df18f0a423ae14beb27b28cdfa34f6268e7ebddf23da807e"},
    {file = "ujson-5.7.0-cp37-cp37m-macosx_10_9_x86_64.whl", hash = "sha256:18679484e3bf9926342b1c43a3bd640f93a9eeeba19ef3d21993af7b0c44785d"},
    {file = "ujson-5.7.0-cp37-cp37m-manylinux_2_17_aarch64.manylinux2014_aarch64.whl", hash = "sha256:0ee295761e1c6c30400641f0a20d381633d7622633cdf83a194f3c876a0e4b7e"},
    {file = "ujson-5.7.0-cp37-cp37m-manylinux_2_17_x86_64.manylinux2014_x86_64.whl", hash = "sha256:b738282e12a05f400b291966630a98d622da0938caa4bc93cf65adb5f4281c60"},
    {file = "ujson-5.7.0-cp37-cp37m-manylinux_2_5_i686.manylinux1_i686.manylinux_2_17_i686.manylinux2014_i686.whl", hash = "sha256:00343501dbaa5172e78ef0e37f9ebd08040110e11c12420ff7c1f9f0332d939e"},
    {file = "ujson-5.7.0-cp37-cp37m-musllinux_1_1_aarch64.whl", hash = "sha256:c0d1f7c3908357ee100aa64c4d1cf91edf99c40ac0069422a4fd5fd23b263263"},
    {file = "ujson-5.7.0-cp37-cp37m-musllinux_1_1_i686.whl", hash = "sha256:a5d2f44331cf04689eafac7a6596c71d6657967c07ac700b0ae1c921178645da"},
    {file = "ujson-5.7.0-cp37-cp37m-musllinux_1_1_x86_64.whl", hash = "sha256:16b2254a77b310f118717715259a196662baa6b1f63b1a642d12ab1ff998c3d7"},
    {file = "ujson-5.7.0-cp37-cp37m-win32.whl", hash = "sha256:6faf46fa100b2b89e4db47206cf8a1ffb41542cdd34dde615b2fc2288954f194"},
    {file = "ujson-5.7.0-cp37-cp37m-win_amd64.whl", hash = "sha256:ff0004c3f5a9a6574689a553d1b7819d1a496b4f005a7451f339dc2d9f4cf98c"},
    {file = "ujson-5.7.0-cp38-cp38-macosx_10_9_x86_64.whl", hash = "sha256:75204a1dd7ec6158c8db85a2f14a68d2143503f4bafb9a00b63fe09d35762a5e"},
    {file = "ujson-5.7.0-cp38-cp38-macosx_11_0_arm64.whl", hash = "sha256:7312731c7826e6c99cdd3ac503cd9acd300598e7a80bcf41f604fee5f49f566c"},
    {file = "ujson-5.7.0-cp38-cp38-manylinux_2_17_aarch64.manylinux2014_aarch64.whl", hash = "sha256:7b9dc5a90e2149643df7f23634fe202fed5ebc787a2a1be95cf23632b4d90651"},
    {file = "ujson-5.7.0-cp38-cp38-manylinux_2_17_x86_64.manylinux2014_x86_64.whl", hash = "sha256:b6a6961fc48821d84b1198a09516e396d56551e910d489692126e90bf4887d29"},
    {file = "ujson-5.7.0-cp38-cp38-manylinux_2_5_i686.manylinux1_i686.manylinux_2_17_i686.manylinux2014_i686.whl", hash = "sha256:b01a9af52a0d5c46b2c68e3f258fdef2eacaa0ce6ae3e9eb97983f5b1166edb6"},
    {file = "ujson-5.7.0-cp38-cp38-musllinux_1_1_aarch64.whl", hash = "sha256:b7316d3edeba8a403686cdcad4af737b8415493101e7462a70ff73dd0609eafc"},
    {file = "ujson-5.7.0-cp38-cp38-musllinux_1_1_i686.whl", hash = "sha256:4ee997799a23227e2319a3f8817ce0b058923dbd31904761b788dc8f53bd3e30"},
    {file = "ujson-5.7.0-cp38-cp38-musllinux_1_1_x86_64.whl", hash = "sha256:dda9aa4c33435147262cd2ea87c6b7a1ca83ba9b3933ff7df34e69fee9fced0c"},
    {file = "ujson-5.7.0-cp38-cp38-win32.whl", hash = "sha256:bea8d30e362180aafecabbdcbe0e1f0b32c9fa9e39c38e4af037b9d3ca36f50c"},
    {file = "ujson-5.7.0-cp38-cp38-win_amd64.whl", hash = "sha256:c96e3b872bf883090ddf32cc41957edf819c5336ab0007d0cf3854e61841726d"},
    {file = "ujson-5.7.0-cp39-cp39-macosx_10_9_x86_64.whl", hash = "sha256:6411aea4c94a8e93c2baac096fbf697af35ba2b2ed410b8b360b3c0957a952d3"},
    {file = "ujson-5.7.0-cp39-cp39-macosx_11_0_arm64.whl", hash = "sha256:3d3b3499c55911f70d4e074c626acdb79a56f54262c3c83325ffb210fb03e44d"},
    {file = "ujson-5.7.0-cp39-cp39-manylinux_2_17_aarch64.manylinux2014_aarch64.whl", hash = "sha256:341f891d45dd3814d31764626c55d7ab3fd21af61fbc99d070e9c10c1190680b"},
    {file = "ujson-5.7.0-cp39-cp39-manylinux_2_17_x86_64.manylinux2014_x86_64.whl", hash = "sha256:2f242eec917bafdc3f73a1021617db85f9958df80f267db69c76d766058f7b19"},
    {file = "ujson-5.7.0-cp39-cp39-manylinux_2_5_i686.manylinux1_i686.manylinux_2_17_i686.manylinux2014_i686.whl", hash = "sha256:c3af9f9f22a67a8c9466a32115d9073c72a33ae627b11de6f592df0ee09b98b6"},
    {file = "ujson-5.7.0-cp39-cp39-musllinux_1_1_aarch64.whl", hash = "sha256:4a3d794afbf134df3056a813e5c8a935208cddeae975bd4bc0ef7e89c52f0ce0"},
    {file = "ujson-5.7.0-cp39-cp39-musllinux_1_1_i686.whl", hash = "sha256:800bf998e78dae655008dd10b22ca8dc93bdcfcc82f620d754a411592da4bbf2"},
    {file = "ujson-5.7.0-cp39-cp39-musllinux_1_1_x86_64.whl", hash = "sha256:b5ac3d5c5825e30b438ea92845380e812a476d6c2a1872b76026f2e9d8060fc2"},
    {file = "ujson-5.7.0-cp39-cp39-win32.whl", hash = "sha256:cd90027e6d93e8982f7d0d23acf88c896d18deff1903dd96140613389b25c0dd"},
    {file = "ujson-5.7.0-cp39-cp39-win_amd64.whl", hash = "sha256:523ee146cdb2122bbd827f4dcc2a8e66607b3f665186bce9e4f78c9710b6d8ab"},
    {file = "ujson-5.7.0-pp37-pypy37_pp73-macosx_10_9_x86_64.whl", hash = "sha256:e87cec407ec004cf1b04c0ed7219a68c12860123dfb8902ef880d3d87a71c172"},
    {file = "ujson-5.7.0-pp37-pypy37_pp73-manylinux_2_17_aarch64.manylinux2014_aarch64.whl", hash = "sha256:bab10165db6a7994e67001733f7f2caf3400b3e11538409d8756bc9b1c64f7e8"},
    {file = "ujson-5.7.0-pp37-pypy37_pp73-manylinux_2_17_x86_64.manylinux2014_x86_64.whl", hash = "sha256:b522be14a28e6ac1cf818599aeff1004a28b42df4ed4d7bc819887b9dac915fc"},
    {file = "ujson-5.7.0-pp37-pypy37_pp73-manylinux_2_5_i686.manylinux1_i686.manylinux_2_17_i686.manylinux2014_i686.whl", hash = "sha256:7592f40175c723c032cdbe9fe5165b3b5903604f774ab0849363386e99e1f253"},
    {file = "ujson-5.7.0-pp37-pypy37_pp73-win_amd64.whl", hash = "sha256:ed22f9665327a981f288a4f758a432824dc0314e4195a0eaeb0da56a477da94d"},
    {file = "ujson-5.7.0-pp38-pypy38_pp73-macosx_10_9_x86_64.whl", hash = "sha256:adf445a49d9a97a5a4c9bb1d652a1528de09dd1c48b29f79f3d66cea9f826bf6"},
    {file = "ujson-5.7.0-pp38-pypy38_pp73-manylinux_2_17_aarch64.manylinux2014_aarch64.whl", hash = "sha256:64772a53f3c4b6122ed930ae145184ebaed38534c60f3d859d8c3f00911eb122"},
    {file = "ujson-5.7.0-pp38-pypy38_pp73-manylinux_2_17_x86_64.manylinux2014_x86_64.whl", hash = "sha256:35209cb2c13fcb9d76d249286105b4897b75a5e7f0efb0c0f4b90f222ce48910"},
    {file = "ujson-5.7.0-pp38-pypy38_pp73-manylinux_2_5_i686.manylinux1_i686.manylinux_2_17_i686.manylinux2014_i686.whl", hash = "sha256:90712dfc775b2c7a07d4d8e059dd58636bd6ff1776d79857776152e693bddea6"},
    {file = "ujson-5.7.0-pp38-pypy38_pp73-win_amd64.whl", hash = "sha256:0e4e8981c6e7e9e637e637ad8ffe948a09e5434bc5f52ecbb82b4b4cfc092bfb"},
    {file = "ujson-5.7.0-pp39-pypy39_pp73-macosx_10_9_x86_64.whl", hash = "sha256:581c945b811a3d67c27566539bfcb9705ea09cb27c4be0002f7a553c8886b817"},
    {file = "ujson-5.7.0-pp39-pypy39_pp73-manylinux_2_17_aarch64.manylinux2014_aarch64.whl", hash = "sha256:d36a807a24c7d44f71686685ae6fbc8793d784bca1adf4c89f5f780b835b6243"},
    {file = "ujson-5.7.0-pp39-pypy39_pp73-manylinux_2_17_x86_64.manylinux2014_x86_64.whl", hash = "sha256:8b4257307e3662aa65e2644a277ca68783c5d51190ed9c49efebdd3cbfd5fa44"},
    {file = "ujson-5.7.0-pp39-pypy39_pp73-manylinux_2_5_i686.manylinux1_i686.manylinux_2_17_i686.manylinux2014_i686.whl", hash = "sha256:ea7423d8a2f9e160c5e011119741682414c5b8dce4ae56590a966316a07a4618"},
    {file = "ujson-5.7.0-pp39-pypy39_pp73-win_amd64.whl", hash = "sha256:4c592eb91a5968058a561d358d0fef59099ed152cfb3e1cd14eee51a7a93879e"},
    {file = "ujson-5.7.0.tar.gz", hash = "sha256:e788e5d5dcae8f6118ac9b45d0b891a0d55f7ac480eddcb7f07263f2bcf37b23"},
]

[metadata]
lock-version = "2.0"
python-versions = "^3.9"
content-hash = "5d68e287dc78f5af612f89de5f601b1602f6ffe8e3ce732cdb7eceb830d11856"
